
Microsoft Visual Studio Solution File, Format Version 12.00
Project("{FAE04EC0-301F-11D3-BF4B-00C04F79EFBC}") = "TravelAgencyAPI", "TravelAgencyAPI.csproj", "{AC05F205-DF03-4E27-AB87-1FA4FE3C5CBC}"
EndProject
Global
	GlobalSection(SolutionConfigurationPlatforms) = preSolution
		Debug|Any CPU = Debug|Any CPU
		Release|Any CPU = Release|Any CPU
	EndGlobalSection
	GlobalSection(ProjectConfigurationPlatforms) = postSolution
		{AC05F205-DF03-4E27-AB87-1FA4FE3C5CBC}.Debug|Any CPU.ActiveCfg = Debug|Any CPU
		{AC05F205-DF03-4E27-AB87-1FA4FE3C5CBC}.Debug|Any CPU.Build.0 = Debug|Any CPU
		{AC05F205-DF03-4E27-AB87-1FA4FE3C5CBC}.Release|Any CPU.ActiveCfg = Release|Any CPU
		{AC05F205-DF03-4E27-AB87-1FA4FE3C5CBC}.Release|Any CPU.Build.0 = Release|Any CPU
	EndGlobalSection
EndGlobal
